
Microsoft Visual Studio Solution File, Format Version 12.00
# Visual Studio 15
VisualStudioVersion = 15.0.26430.4
MinimumVisualStudioVersion = 10.0.40219.1
Project("{2150E333-8FDC-42A3-9474-1A3956D46DE8}") = "src", "src", "{A0F6C07F-188D-4F86-B43F-4A3EAD0D2C30}"
EndProject
Project("{2150E333-8FDC-42A3-9474-1A3956D46DE8}") = "Solution Items", "Solution Items", "{68FE7151-CB27-498E-8FC3-DB0EB76BED8A}"
	ProjectSection(SolutionItems) = preProject
		README.md = README.md
	EndProjectSection
EndProject
Project("{9A19103F-16F7-4668-BE54-9A1E7A4F7556}") = "AngularJSClient", "src\AngularJSClient\AngularJSClient.csproj", "{A408DFD8-2010-40EF-9D7C-8B6B2514C647}"
EndProject
Project("{9A19103F-16F7-4668-BE54-9A1E7A4F7556}") = "ResourceServer", "src\ResourceServer\ResourceServer.csproj", "{27CE53A6-EEEF-4CC8-A463-6915A5F3AFEA}"
EndProject
Project("{9A19103F-16F7-4668-BE54-9A1E7A4F7556}") = "AngularClient", "src\AngularClient\AngularClient.csproj", "{1C83BAC6-1A38-4261-8BE4-7B0FC9A286B8}"
EndProject
Project("{9A19103F-16F7-4668-BE54-9A1E7A4F7556}") = "ResourceFileServer", "src\ResourceFileServer\ResourceFileServer.csproj", "{3F42D8EE-5E25-443D-8EDD-FA950E63A1D3}"
EndProject
Project("{9A19103F-16F7-4668-BE54-9A1E7A4F7556}") = "IdentityServerWithIdentitySQLite", "src\IdentityServerWithIdentitySQLite\IdentityServerWithIdentitySQLite.csproj", "{1ECB5581-FFA5-4C11-A491-C85ABD962033}"
EndProject
Project("{9A19103F-16F7-4668-BE54-9A1E7A4F7556}") = "ResourceWithIdentityServerWithClient", "src\ResourceWithIdentityServerWithClient\ResourceWithIdentityServerWithClient.csproj", "{37214DB4-F4B3-44A9-ABAD-1F0D63087994}"
EndProject
Project("{9A19103F-16F7-4668-BE54-9A1E7A4F7556}") = "AngularClientIdTokenOnly", "src\AngularClientIdTokenOnly\AngularClientIdTokenOnly.csproj", "{93DB1A95-88E1-4B5C-909B-012D64350251}"
EndProject
Global
	GlobalSection(SolutionConfigurationPlatforms) = preSolution
		Debug|Any CPU = Debug|Any CPU
		Release|Any CPU = Release|Any CPU
	EndGlobalSection
	GlobalSection(ProjectConfigurationPlatforms) = postSolution
		{A408DFD8-2010-40EF-9D7C-8B6B2514C647}.Debug|Any CPU.ActiveCfg = Debug|Any CPU
		{A408DFD8-2010-40EF-9D7C-8B6B2514C647}.Debug|Any CPU.Build.0 = Debug|Any CPU
		{A408DFD8-2010-40EF-9D7C-8B6B2514C647}.Release|Any CPU.ActiveCfg = Release|Any CPU
		{A408DFD8-2010-40EF-9D7C-8B6B2514C647}.Release|Any CPU.Build.0 = Release|Any CPU
		{27CE53A6-EEEF-4CC8-A463-6915A5F3AFEA}.Debug|Any CPU.ActiveCfg = Debug|Any CPU
		{27CE53A6-EEEF-4CC8-A463-6915A5F3AFEA}.Debug|Any CPU.Build.0 = Debug|Any CPU
		{27CE53A6-EEEF-4CC8-A463-6915A5F3AFEA}.Release|Any CPU.ActiveCfg = Release|Any CPU
		{27CE53A6-EEEF-4CC8-A463-6915A5F3AFEA}.Release|Any CPU.Build.0 = Release|Any CPU
		{1C83BAC6-1A38-4261-8BE4-7B0FC9A286B8}.Debug|Any CPU.ActiveCfg = Debug|Any CPU
		{1C83BAC6-1A38-4261-8BE4-7B0FC9A286B8}.Debug|Any CPU.Build.0 = Debug|Any CPU
		{1C83BAC6-1A38-4261-8BE4-7B0FC9A286B8}.Release|Any CPU.ActiveCfg = Release|Any CPU
		{1C83BAC6-1A38-4261-8BE4-7B0FC9A286B8}.Release|Any CPU.Build.0 = Release|Any CPU
		{3F42D8EE-5E25-443D-8EDD-FA950E63A1D3}.Debug|Any CPU.ActiveCfg = Debug|Any CPU
		{3F42D8EE-5E25-443D-8EDD-FA950E63A1D3}.Debug|Any CPU.Build.0 = Debug|Any CPU
		{3F42D8EE-5E25-443D-8EDD-FA950E63A1D3}.Release|Any CPU.ActiveCfg = Release|Any CPU
		{3F42D8EE-5E25-443D-8EDD-FA950E63A1D3}.Release|Any CPU.Build.0 = Release|Any CPU
		{1ECB5581-FFA5-4C11-A491-C85ABD962033}.Debug|Any CPU.ActiveCfg = Debug|Any CPU
		{1ECB5581-FFA5-4C11-A491-C85ABD962033}.Debug|Any CPU.Build.0 = Debug|Any CPU
		{1ECB5581-FFA5-4C11-A491-C85ABD962033}.Release|Any CPU.ActiveCfg = Release|Any CPU
		{1ECB5581-FFA5-4C11-A491-C85ABD962033}.Release|Any CPU.Build.0 = Release|Any CPU
		{37214DB4-F4B3-44A9-ABAD-1F0D63087994}.Debug|Any CPU.ActiveCfg = Debug|Any CPU
		{37214DB4-F4B3-44A9-ABAD-1F0D63087994}.Debug|Any CPU.Build.0 = Debug|Any CPU
		{37214DB4-F4B3-44A9-ABAD-1F0D63087994}.Release|Any CPU.ActiveCfg = Release|Any CPU
		{37214DB4-F4B3-44A9-ABAD-1F0D63087994}.Release|Any CPU.Build.0 = Release|Any CPU
		{93DB1A95-88E1-4B5C-909B-012D64350251}.Debug|Any CPU.ActiveCfg = Debug|Any CPU
		{93DB1A95-88E1-4B5C-909B-012D64350251}.Debug|Any CPU.Build.0 = Debug|Any CPU
		{93DB1A95-88E1-4B5C-909B-012D64350251}.Release|Any CPU.ActiveCfg = Release|Any CPU
		{93DB1A95-88E1-4B5C-909B-012D64350251}.Release|Any CPU.Build.0 = Release|Any CPU
	EndGlobalSection
	GlobalSection(SolutionProperties) = preSolution
		HideSolutionNode = FALSE
	EndGlobalSection
	GlobalSection(NestedProjects) = preSolution
		{A408DFD8-2010-40EF-9D7C-8B6B2514C647} = {A0F6C07F-188D-4F86-B43F-4A3EAD0D2C30}
		{27CE53A6-EEEF-4CC8-A463-6915A5F3AFEA} = {A0F6C07F-188D-4F86-B43F-4A3EAD0D2C30}
		{1C83BAC6-1A38-4261-8BE4-7B0FC9A286B8} = {A0F6C07F-188D-4F86-B43F-4A3EAD0D2C30}
		{3F42D8EE-5E25-443D-8EDD-FA950E63A1D3} = {A0F6C07F-188D-4F86-B43F-4A3EAD0D2C30}
		{1ECB5581-FFA5-4C11-A491-C85ABD962033} = {A0F6C07F-188D-4F86-B43F-4A3EAD0D2C30}
		{37214DB4-F4B3-44A9-ABAD-1F0D63087994} = {A0F6C07F-188D-4F86-B43F-4A3EAD0D2C30}
		{93DB1A95-88E1-4B5C-909B-012D64350251} = {A0F6C07F-188D-4F86-B43F-4A3EAD0D2C30}
	EndGlobalSection
EndGlobal
